
Microsoft Visual Studio Solution File, Format Version 12.00
# Visual Studio 2013
VisualStudioVersion = 12.0.21005.1
MinimumVisualStudioVersion = 10.0.40219.1
Project("{FAE04EC0-301F-11D3-BF4B-00C04F79EFBC}") = "LibBookDAL", "LibBookDAL\LibBookDAL.csproj", "{D696E02E-7B8C-4E2B-B64F-0AFACEE5BB96}"
EndProject
Project("{FAE04EC0-301F-11D3-BF4B-00C04F79EFBC}") = "LibBookBLL", "LibBookBLL\LibBookBLL.csproj", "{A91A8EA1-2999-489D-88A7-1F98F7468855}"
EndProject
Project("{FAE04EC0-301F-11D3-BF4B-00C04F79EFBC}") = "Model", "Modle\Model.csproj", "{C20E8B18-F5EC-4E79-832B-4E9B053616E3}"
EndProject
Project("{FAE04EC0-301F-11D3-BF4B-00C04F79EFBC}") = "LibBooking", "LibBooking\LibBooking.csproj", "{A3490FBF-17F7-4289-BE93-15ACB29B9E98}"
EndProject
Project("{FAE04EC0-301F-11D3-BF4B-00C04F79EFBC}") = "Common", "Common\Common.csproj", "{7AC7367F-16D5-4E5A-AEF3-5D3BF547C8B4}"
EndProject
Global
	GlobalSection(SolutionConfigurationPlatforms) = preSolution
		Debug|Any CPU = Debug|Any CPU
		Release|Any CPU = Release|Any CPU
	EndGlobalSection
	GlobalSection(ProjectConfigurationPlatforms) = postSolution
		{D696E02E-7B8C-4E2B-B64F-0AFACEE5BB96}.Debug|Any CPU.ActiveCfg = Debug|Any CPU
		{D696E02E-7B8C-4E2B-B64F-0AFACEE5BB96}.Debug|Any CPU.Build.0 = Debug|Any CPU
		{D696E02E-7B8C-4E2B-B64F-0AFACEE5BB96}.Release|Any CPU.ActiveCfg = Release|Any CPU
		{D696E02E-7B8C-4E2B-B64F-0AFACEE5BB96}.Release|Any CPU.Build.0 = Release|Any CPU
		{A91A8EA1-2999-489D-88A7-1F98F7468855}.Debug|Any CPU.ActiveCfg = Debug|Any CPU
		{A91A8EA1-2999-489D-88A7-1F98F7468855}.Debug|Any CPU.Build.0 = Debug|Any CPU
		{A91A8EA1-2999-489D-88A7-1F98F7468855}.Release|Any CPU.ActiveCfg = Release|Any CPU
		{A91A8EA1-2999-489D-88A7-1F98F7468855}.Release|Any CPU.Build.0 = Release|Any CPU
		{C20E8B18-F5EC-4E79-832B-4E9B053616E3}.Debug|Any CPU.ActiveCfg = Debug|Any CPU
		{C20E8B18-F5EC-4E79-832B-4E9B053616E3}.Debug|Any CPU.Build.0 = Debug|Any CPU
		{C20E8B18-F5EC-4E79-832B-4E9B053616E3}.Release|Any CPU.ActiveCfg = Release|Any CPU
		{C20E8B18-F5EC-4E79-832B-4E9B053616E3}.Release|Any CPU.Build.0 = Release|Any CPU
		{A3490FBF-17F7-4289-BE93-15ACB29B9E98}.Debug|Any CPU.ActiveCfg = Debug|Any CPU
		{A3490FBF-17F7-4289-BE93-15ACB29B9E98}.Debug|Any CPU.Build.0 = Debug|Any CPU
		{A3490FBF-17F7-4289-BE93-15ACB29B9E98}.Release|Any CPU.ActiveCfg = Release|Any CPU
		{A3490FBF-17F7-4289-BE93-15ACB29B9E98}.Release|Any CPU.Build.0 = Release|Any CPU
		{7AC7367F-16D5-4E5A-AEF3-5D3BF547C8B4}.Debug|Any CPU.ActiveCfg = Debug|Any CPU
		{7AC7367F-16D5-4E5A-AEF3-5D3BF547C8B4}.Debug|Any CPU.Build.0 = Debug|Any CPU
		{7AC7367F-16D5-4E5A-AEF3-5D3BF547C8B4}.Release|Any CPU.ActiveCfg = Release|Any CPU
		{7AC7367F-16D5-4E5A-AEF3-5D3BF547C8B4}.Release|Any CPU.Build.0 = Release|Any CPU
	EndGlobalSection
	GlobalSection(SolutionProperties) = preSolution
		HideSolutionNode = FALSE
	EndGlobalSection
EndGlobal
